
Microsoft Visual Studio Solution File, Format Version 12.00
# Visual Studio Version 16
VisualStudioVersion = 16.0.31424.327
MinimumVisualStudioVersion = 10.0.40219.1
Project("{FAE04EC0-301F-11D3-BF4B-00C04F79EFBC}") = "Servicios de Mantemiento", "Servicios de Mantemiento\Servicios de Mantemiento.csproj", "{D40B7A99-FAD4-471A-BEAC-39C109CD4FBC}"
EndProject
Global
	GlobalSection(SolutionConfigurationPlatforms) = preSolution
		Debug|Any CPU = Debug|Any CPU
		Release|Any CPU = Release|Any CPU
	EndGlobalSection
	GlobalSection(ProjectConfigurationPlatforms) = postSolution
		{D40B7A99-FAD4-471A-BEAC-39C109CD4FBC}.Debug|Any CPU.ActiveCfg = Debug|Any CPU
		{D40B7A99-FAD4-471A-BEAC-39C109CD4FBC}.Debug|Any CPU.Build.0 = Debug|Any CPU
		{D40B7A99-FAD4-471A-BEAC-39C109CD4FBC}.Release|Any CPU.ActiveCfg = Release|Any CPU
		{D40B7A99-FAD4-471A-BEAC-39C109CD4FBC}.Release|Any CPU.Build.0 = Release|Any CPU
	EndGlobalSection
	GlobalSection(SolutionProperties) = preSolution
		HideSolutionNode = FALSE
	EndGlobalSection
	GlobalSection(ExtensibilityGlobals) = postSolution
		SolutionGuid = {3B269A8D-765E-498F-8980-0466CA34534B}
	EndGlobalSection
EndGlobal
